<?xml version="1.0" encoding="UTF-8" standalone="yes" ?>
<CodeBlocks_project_file>
	<FileVersion major="1" minor="6" />
	<Project>
		<Option title="puddi" />
		<Option makefile_is_custom="1" />
		<Option pch_mode="2" />
		<Option compiler="gcc" />
		<Build>
			<Target title="Debug">
				<Option output="debug/puddi" prefix_auto="1" extension_auto="1" />
				<Option object_output="obj/Debug/" />
				<Option type="1" />
				<Option compiler="gcc" />
				<Compiler>
					<Add option="-g" />
				</Compiler>
			</Target>
			<Target title="Release">
				<Option output="release/puddi" prefix_auto="1" extension_auto="1" />
				<Option object_output="obj/Release/" />
				<Option type="1" />
				<Option compiler="gcc" />
				<Compiler>
					<Add option="-O2" />
				</Compiler>
				<Linker>
					<Add option="-s" />
				</Linker>
			</Target>
		</Build>
		<Compiler>
			<Add option="-Wall" />
		</Compiler>
		<Unit filename="LICENSE" />
		<Unit filename="Makefile" />
		<Unit filename="README.md" />
		<Unit filename="bumpmaps/C-3PO_Dirty_N.tga" />
		<Unit filename="bumpmaps/Darth_Sidious_N.tga" />
		<Unit filename="bumpmaps/Millennium_Falcon_Bottom_N.tga" />
		<Unit filename="bumpmaps/Millennium_Falcon_Top_N.tga" />
		<Unit filename="bumpmaps/R2-D2_N.tga" />
		<Unit filename="bumpmaps/Shrek-and-Yoda_NRM.jpg" />
		<Unit filename="bumpmaps/Stormtrooper_N.tga" />
		<Unit filename="bumpmaps/Thumbs.db" />
		<Unit filename="bumpmaps/ben_NRM.jpg" />
		<Unit filename="bumpmaps/bill_NRM.jpg" />
		<Unit filename="bumpmaps/costanza_NRM.jpg" />
		<Unit filename="bumpmaps/cubemap_test_1_NRM.jpg" />
		<Unit filename="bumpmaps/dowm furry_NRM.jpg" />
		<Unit filename="bumpmaps/finalformsquare_NRM.jpg" />
		<Unit filename="bumpmaps/grass1_NRM.jpg" />
		<Unit filename="bumpmaps/sand1_NRM.jpg" />
		<Unit filename="bumpmaps/snow1_NRM.jpg" />
		<Unit filename="bumpmaps/stone1_NRM.jpg" />
		<Unit filename="bumpmaps/stone_wall_NRM.jpg" />
		<Unit filename="debug/puddi" />
		<Unit filename="fonts/Bitstream/Bitstream Vera License.txt" />
		<Unit filename="fonts/Bitstream/VeraMono-Bold-Italic.ttf" />
		<Unit filename="fonts/Bitstream/VeraMono-Bold.ttf" />
		<Unit filename="fonts/Bitstream/VeraMono-Italic.ttf" />
		<Unit filename="fonts/Bitstream/VeraMono.ttf" />
		<Unit filename="fonts/SourceCodePro/SIL Open Font License.txt" />
		<Unit filename="fonts/SourceCodePro/SourceCodePro-Black.otf" />
		<Unit filename="fonts/SourceCodePro/SourceCodePro-BlackIt.otf" />
		<Unit filename="fonts/SourceCodePro/SourceCodePro-Bold.otf" />
		<Unit filename="fonts/SourceCodePro/SourceCodePro-BoldIt.otf" />
		<Unit filename="fonts/SourceCodePro/SourceCodePro-ExtraLight.otf" />
		<Unit filename="fonts/SourceCodePro/SourceCodePro-ExtraLightIt.otf" />
		<Unit filename="fonts/SourceCodePro/SourceCodePro-It.otf" />
		<Unit filename="fonts/SourceCodePro/SourceCodePro-Light.otf" />
		<Unit filename="fonts/SourceCodePro/SourceCodePro-LightIt.otf" />
		<Unit filename="fonts/SourceCodePro/SourceCodePro-Medium.otf" />
		<Unit filename="fonts/SourceCodePro/SourceCodePro-MediumIt.otf" />
		<Unit filename="fonts/SourceCodePro/SourceCodePro-Regular.otf" />
		<Unit filename="fonts/SourceCodePro/SourceCodePro-Semibold.otf" />
		<Unit filename="fonts/SourceCodePro/SourceCodePro-SemiboldIt.otf" />
		<Unit filename="heightmaps/Thumbs.db" />
		<Unit filename="heightmaps/jackson_height.png" />
		<Unit filename="heightmaps/north_america_height.png" />
		<Unit filename="heightmaps/north_america_height2.jpg" />
		<Unit filename="heightmaps/north_america_height_small.png" />
		<Unit filename="heightmaps/terrain.png" />
		<Unit filename="heightmaps/terrain1_height.jpg" />
		<Unit filename="heightmaps/terrain2.jpg" />
		<Unit filename="heightmaps/terrain3.jpg" />
		<Unit filename="heightmaps/west_norway.png" />
		<Unit filename="heightmaps/world_height_lowres.jpg" />
		<Unit filename="include/AST.h" />
		<Unit filename="include/Bagnall.h" />
		<Unit filename="include/CRSpline.h" />
		<Unit filename="include/Camera.h" />
		<Unit filename="include/Cube.h" />
		<Unit filename="include/DrawableObject.h" />
		<Unit filename="include/EnvironmentMap.h" />
		<Unit filename="include/Font.h" />
		<Unit filename="include/FpsTracker.h" />
		<Unit filename="include/Geometry.h" />
		<Unit filename="include/GlmHeaders.h" />
		<Unit filename="include/HeightMap.h" />
		<Unit filename="include/HeightMapTerrain.h" />
		<Unit filename="include/InitShader.h" />
		<Unit filename="include/Lexer.h" />
		<Unit filename="include/LightSource.h" />
		<Unit filename="include/Material.h" />
		<Unit filename="include/ModelGraph.h" />
		<Unit filename="include/Object.h" />
		<Unit filename="include/Parser.h" />
		<Unit filename="include/Puddi.h" />
		<Unit filename="include/Rectangle.h" />
		<Unit filename="include/RenderGraph.h" />
		<Unit filename="include/RenderNode.h" />
		<Unit filename="include/SDLUtil.h" />
		<Unit filename="include/Schematic.h" />
		<Unit filename="include/Shader.h" />
		<Unit filename="include/Shadow.h" />
		<Unit filename="include/Skybox.h" />
		<Unit filename="include/SourceCode.h" />
		<Unit filename="include/Sphere.h" />
		<Unit filename="include/SyntaxParser.h" />
		<Unit filename="include/TerrainVertexMesh.h" />
		<Unit filename="include/Text.h" />
		<Unit filename="include/TextOLD.h" />
		<Unit filename="include/TextString.h" />
		<Unit filename="include/Texture.h" />
		<Unit filename="include/Token.h" />
		<Unit filename="include/UpdateGraph.h" />
		<Unit filename="include/Util.h" />
		<Unit filename="include/VertexMesh.h" />
		<Unit filename="models/C-3PO_v2.mtl" />
		<Unit filename="models/C-3PO_v2.obj" />
		<Unit filename="models/Darth_Sidious.mtl" />
		<Unit filename="models/Darth_Sidious.obj" />
		<Unit filename="models/Millennium_Falcon.mtl" />
		<Unit filename="models/Millennium_Falcon.obj" />
		<Unit filename="models/R2-D2.mtl" />
		<Unit filename="models/R2-D2.obj" />
		<Unit filename="models/Stormtrooper.mtl" />
		<Unit filename="models/Stormtrooper.obj" />
		<Unit filename="models/tie-intercept.mtl" />
		<Unit filename="models/tie-intercept.obj" />
		<Unit filename="models/torchic.blend" />
		<Unit filename="obj/CRSpline.o" />
		<Unit filename="obj/Camera.o" />
		<Unit filename="obj/Cube.o" />
		<Unit filename="obj/DrawableObject.o" />
		<Unit filename="obj/EnvironmentMap.o" />
		<Unit filename="obj/Font.o" />
		<Unit filename="obj/FpsTracker.o" />
		<Unit filename="obj/Geometry.o" />
		<Unit filename="obj/HeightMap.o" />
		<Unit filename="obj/HeightMapTerrain.o" />
		<Unit filename="obj/InitShader.o" />
		<Unit filename="obj/LightSource.o" />
		<Unit filename="obj/Material.o" />
		<Unit filename="obj/ModelGraph.o" />
		<Unit filename="obj/Object.o" />
		<Unit filename="obj/Puddi.o" />
		<Unit filename="obj/Rectangle.o" />
		<Unit filename="obj/RenderGraph.o" />
		<Unit filename="obj/RenderNode.o" />
		<Unit filename="obj/SDLUtil.o" />
		<Unit filename="obj/Schematic.o" />
		<Unit filename="obj/Shader.o" />
		<Unit filename="obj/Shadow.o" />
		<Unit filename="obj/Skybox.o" />
		<Unit filename="obj/Sphere.o" />
		<Unit filename="obj/TerrainVertexMesh.o" />
		<Unit filename="obj/Text.o" />
		<Unit filename="obj/TextString.o" />
		<Unit filename="obj/Texture.o" />
		<Unit filename="obj/UpdateGraph.o" />
		<Unit filename="obj/Util.o" />
		<Unit filename="obj/VertexMesh.o" />
		<Unit filename="release/puddi" />
		<Unit filename="shaders/fragment/fshader_cubemap.glsl" />
		<Unit filename="shaders/fragment/fshader_cubemap_bump.glsl" />
		<Unit filename="shaders/fragment/fshader_depth.glsl" />
		<Unit filename="shaders/fragment/fshader_emissive_color.glsl" />
		<Unit filename="shaders/fragment/fshader_emissive_cubemap.glsl" />
		<Unit filename="shaders/fragment/fshader_emissive_texture.glsl" />
		<Unit filename="shaders/fragment/fshader_material.glsl" />
		<Unit filename="shaders/fragment/fshader_terrain_texture_bump.glsl" />
		<Unit filename="shaders/fragment/fshader_texture.glsl" />
		<Unit filename="shaders/fragment/fshader_texture_bump.glsl" />
		<Unit filename="shaders/vertex/vshader_cubemap.glsl" />
		<Unit filename="shaders/vertex/vshader_cubemap_bump.glsl" />
		<Unit filename="shaders/vertex/vshader_depth.glsl" />
		<Unit filename="shaders/vertex/vshader_emissive_color.glsl" />
		<Unit filename="shaders/vertex/vshader_emissive_cubemap.glsl" />
		<Unit filename="shaders/vertex/vshader_emissive_texture.glsl" />
		<Unit filename="shaders/vertex/vshader_material.glsl" />
		<Unit filename="shaders/vertex/vshader_terrain_texture_bump.glsl" />
		<Unit filename="shaders/vertex/vshader_texture.glsl" />
		<Unit filename="shaders/vertex/vshader_texture_bump.glsl" />
		<Unit filename="src/AST.cc" />
		<Unit filename="src/CRSpline.cc" />
		<Unit filename="src/Camera.cc" />
		<Unit filename="src/Cube.cc" />
		<Unit filename="src/DrawableObject.cc" />
		<Unit filename="src/EnvironmentMap.cc" />
		<Unit filename="src/Font.cc" />
		<Unit filename="src/FpsTracker.cc" />
		<Unit filename="src/Geometry.cc" />
		<Unit filename="src/HeightMap.cc" />
		<Unit filename="src/HeightMapTerrain.cc" />
		<Unit filename="src/InitShader.cc" />
		<Unit filename="src/Lexer.cc" />
		<Unit filename="src/LightSource.cc" />
		<Unit filename="src/Material.cc" />
		<Unit filename="src/ModelGraph.cc" />
		<Unit filename="src/Object.cc" />
		<Unit filename="src/Parser.cc" />
		<Unit filename="src/Puddi.cc" />
		<Unit filename="src/Rectangle.cc" />
		<Unit filename="src/RenderGraph.cc" />
		<Unit filename="src/RenderNode.cc" />
		<Unit filename="src/SDLUtil.cc" />
		<Unit filename="src/Schematic.cc" />
		<Unit filename="src/Shader.cc" />
		<Unit filename="src/Shadow.cc" />
		<Unit filename="src/Skybox.cc" />
		<Unit filename="src/SourceCode.cc" />
		<Unit filename="src/Sphere.cc" />
		<Unit filename="src/SyntaxParser.cc" />
		<Unit filename="src/TerrainVertexMesh.cc" />
		<Unit filename="src/Text.cc" />
		<Unit filename="src/TextOLD.cc" />
		<Unit filename="src/TextString.cc" />
		<Unit filename="src/Texture.cc" />
		<Unit filename="src/Token.cc" />
		<Unit filename="src/UpdateGraph.cc" />
		<Unit filename="src/Util.cc" />
		<Unit filename="src/VertexMesh.cc" />
		<Unit filename="src/main.cc" />
		<Unit filename="src/mainOLD.cc" />
		<Unit filename="textures/C-3PO_Dirty_D.tga" />
		<Unit filename="textures/Darth_Sidious_D.tga" />
		<Unit filename="textures/Millennium_Falcon_Bottom_D.tga" />
		<Unit filename="textures/Millennium_Falcon_Top_D.tga" />
		<Unit filename="textures/R2-D2_D.tga" />
		<Unit filename="textures/Shrek-and-Yoda (copy).jpg" />
		<Unit filename="textures/Shrek-and-Yoda.jpg" />
		<Unit filename="textures/Stormtrooper_D.tga" />
		<Unit filename="textures/Thumbs.db" />
		<Unit filename="textures/ben.jpg" />
		<Unit filename="textures/bill.png" />
		<Unit filename="textures/costanza.jpg" />
		<Unit filename="textures/cubemap_test_1.jpg" />
		<Unit filename="textures/dowm furry.jpg" />
		<Unit filename="textures/finalformsquare.jpg" />
		<Unit filename="textures/grass1.jpg" />
		<Unit filename="textures/sand1.jpg" />
		<Unit filename="textures/skybox1.png" />
		<Unit filename="textures/skybox2.jpg" />
		<Unit filename="textures/skybox2_mirror.jpg" />
		<Unit filename="textures/snow1.jpg" />
		<Unit filename="textures/stone1.jpg" />
		<Unit filename="textures/stone_wall.jpg" />
		<Unit filename="textures/terrain1.jpg" />
		<Extensions>
			<code_completion />
			<debugger />
		</Extensions>
	</Project>
</CodeBlocks_project_file>
